
Microsoft Visual Studio Solution File, Format Version 12.00
#
Project("{FAE04EC0-301F-11D3-BF4B-00C04F79EFBC}") = "Tic.ResourceAccess", "Tic.ResourceAccess\Tic.ResourceAccess.csproj", "{999D612D-8A73-487B-9262-F440382BCF51}"
EndProject
Project("{FAE04EC0-301F-11D3-BF4B-00C04F79EFBC}") = "Tic.Manager", "Tic.Manager\Tic.Manager.csproj", "{8CD75AC3-F5E9-4C7D-AA71-CF5FE6D015C5}"
EndProject
Project("{FAE04EC0-301F-11D3-BF4B-00C04F79EFBC}") = "Tic.Engine", "Tic.Engine\Tic.Engine.csproj", "{B6C66DC8-9D74-4454-A849-C86C3592890F}"
EndProject
Project("{FAE04EC0-301F-11D3-BF4B-00C04F79EFBC}") = "Tic.Client.CommandLine", "Tic.Client.CommandLine\Tic.Client.CommandLine.csproj", "{ABF8EC65-62BC-4618-B18C-92217ACC4A83}"
EndProject
Project("{2150E333-8FDC-42A3-9474-1A3956D46DE8}") = "tests", "tests", "{A22FAE25-21F3-4B36-A530-A065197A62B1}"
EndProject
Project("{FAE04EC0-301F-11D3-BF4B-00C04F79EFBC}") = "Tic.ResourceAccess.Tests", "Tic.ResourceAccess.Tests\Tic.ResourceAccess.Tests.csproj", "{742BE53E-0E73-4A81-A0B5-BA16F300F6AF}"
EndProject
Project("{FAE04EC0-301F-11D3-BF4B-00C04F79EFBC}") = "Tic.Tests.Shared", "Tic.Tests.Shared\Tic.Tests.Shared.csproj", "{D0D190BD-6532-4D02-A323-61626F0E8519}"
EndProject
Project("{FAE04EC0-301F-11D3-BF4B-00C04F79EFBC}") = "Tic.Shared", "Tic.Shared\Tic.Shared.csproj", "{F1A14377-8B79-4872-85F8-957D7A11B5CC}"
EndProject
Project("{FAE04EC0-301F-11D3-BF4B-00C04F79EFBC}") = "Tic.Engine.Tests", "Tic.Engine.Tests\Tic.Engine.Tests.csproj", "{759A128E-4D0E-43AC-A3CB-F9CFEB289DC7}"
EndProject
Project("{FAE04EC0-301F-11D3-BF4B-00C04F79EFBC}") = "Tic.Client.CommandLine.Tests", "Tic.Client.CommandLine.Tests\Tic.Client.CommandLine.Tests.csproj", "{C1A2B3D4-E5F6-7890-ABCD-EF1234567890}"
EndProject
Global
	GlobalSection(SolutionConfigurationPlatforms) = preSolution
		Debug|Any CPU = Debug|Any CPU
		Release|Any CPU = Release|Any CPU
	EndGlobalSection
	GlobalSection(ProjectConfigurationPlatforms) = postSolution
		{999D612D-8A73-487B-9262-F440382BCF51}.Debug|Any CPU.ActiveCfg = Debug|Any CPU
		{999D612D-8A73-487B-9262-F440382BCF51}.Debug|Any CPU.Build.0 = Debug|Any CPU
		{999D612D-8A73-487B-9262-F440382BCF51}.Release|Any CPU.ActiveCfg = Release|Any CPU
		{999D612D-8A73-487B-9262-F440382BCF51}.Release|Any CPU.Build.0 = Release|Any CPU
		{8CD75AC3-F5E9-4C7D-AA71-CF5FE6D015C5}.Debug|Any CPU.ActiveCfg = Debug|Any CPU
		{8CD75AC3-F5E9-4C7D-AA71-CF5FE6D015C5}.Debug|Any CPU.Build.0 = Debug|Any CPU
		{8CD75AC3-F5E9-4C7D-AA71-CF5FE6D015C5}.Release|Any CPU.ActiveCfg = Release|Any CPU
		{8CD75AC3-F5E9-4C7D-AA71-CF5FE6D015C5}.Release|Any CPU.Build.0 = Release|Any CPU
		{B6C66DC8-9D74-4454-A849-C86C3592890F}.Debug|Any CPU.ActiveCfg = Debug|Any CPU
		{B6C66DC8-9D74-4454-A849-C86C3592890F}.Debug|Any CPU.Build.0 = Debug|Any CPU
		{B6C66DC8-9D74-4454-A849-C86C3592890F}.Release|Any CPU.ActiveCfg = Release|Any CPU
		{B6C66DC8-9D74-4454-A849-C86C3592890F}.Release|Any CPU.Build.0 = Release|Any CPU
		{ABF8EC65-62BC-4618-B18C-92217ACC4A83}.Debug|Any CPU.ActiveCfg = Debug|Any CPU
		{ABF8EC65-62BC-4618-B18C-92217ACC4A83}.Debug|Any CPU.Build.0 = Debug|Any CPU
		{ABF8EC65-62BC-4618-B18C-92217ACC4A83}.Release|Any CPU.ActiveCfg = Release|Any CPU
		{ABF8EC65-62BC-4618-B18C-92217ACC4A83}.Release|Any CPU.Build.0 = Release|Any CPU
		{742BE53E-0E73-4A81-A0B5-BA16F300F6AF}.Debug|Any CPU.ActiveCfg = Debug|Any CPU
		{742BE53E-0E73-4A81-A0B5-BA16F300F6AF}.Debug|Any CPU.Build.0 = Debug|Any CPU
		{742BE53E-0E73-4A81-A0B5-BA16F300F6AF}.Release|Any CPU.ActiveCfg = Release|Any CPU
		{742BE53E-0E73-4A81-A0B5-BA16F300F6AF}.Release|Any CPU.Build.0 = Release|Any CPU
		{D0D190BD-6532-4D02-A323-61626F0E8519}.Debug|Any CPU.ActiveCfg = Debug|Any CPU
		{D0D190BD-6532-4D02-A323-61626F0E8519}.Debug|Any CPU.Build.0 = Debug|Any CPU
		{D0D190BD-6532-4D02-A323-61626F0E8519}.Release|Any CPU.ActiveCfg = Release|Any CPU
		{D0D190BD-6532-4D02-A323-61626F0E8519}.Release|Any CPU.Build.0 = Release|Any CPU
		{F1A14377-8B79-4872-85F8-957D7A11B5CC}.Debug|Any CPU.ActiveCfg = Debug|Any CPU
		{F1A14377-8B79-4872-85F8-957D7A11B5CC}.Debug|Any CPU.Build.0 = Debug|Any CPU
		{F1A14377-8B79-4872-85F8-957D7A11B5CC}.Release|Any CPU.ActiveCfg = Release|Any CPU
		{F1A14377-8B79-4872-85F8-957D7A11B5CC}.Release|Any CPU.Build.0 = Release|Any CPU
		{759A128E-4D0E-43AC-A3CB-F9CFEB289DC7}.Debug|Any CPU.ActiveCfg = Debug|Any CPU
		{759A128E-4D0E-43AC-A3CB-F9CFEB289DC7}.Debug|Any CPU.Build.0 = Debug|Any CPU
		{759A128E-4D0E-43AC-A3CB-F9CFEB289DC7}.Release|Any CPU.ActiveCfg = Release|Any CPU
		{759A128E-4D0E-43AC-A3CB-F9CFEB289DC7}.Release|Any CPU.Build.0 = Release|Any CPU
		{C1A2B3D4-E5F6-7890-ABCD-EF1234567890}.Debug|Any CPU.ActiveCfg = Debug|Any CPU
		{C1A2B3D4-E5F6-7890-ABCD-EF1234567890}.Debug|Any CPU.Build.0 = Debug|Any CPU
		{C1A2B3D4-E5F6-7890-ABCD-EF1234567890}.Release|Any CPU.ActiveCfg = Release|Any CPU
		{C1A2B3D4-E5F6-7890-ABCD-EF1234567890}.Release|Any CPU.Build.0 = Release|Any CPU
	EndGlobalSection
	GlobalSection(NestedProjects) = preSolution
		{742BE53E-0E73-4A81-A0B5-BA16F300F6AF} = {A22FAE25-21F3-4B36-A530-A065197A62B1}
		{D0D190BD-6532-4D02-A323-61626F0E8519} = {A22FAE25-21F3-4B36-A530-A065197A62B1}
		{759A128E-4D0E-43AC-A3CB-F9CFEB289DC7} = {A22FAE25-21F3-4B36-A530-A065197A62B1}
		{C1A2B3D4-E5F6-7890-ABCD-EF1234567890} = {A22FAE25-21F3-4B36-A530-A065197A62B1}
	EndGlobalSection
EndGlobal
